
Microsoft Visual Studio Solution File, Format Version 12.00
# Visual Studio 15
VisualStudioVersion = 15.0.26124.0
MinimumVisualStudioVersion = 15.0.26124.0
Project("{2150E333-8FDC-42A3-9474-1A3956D46DE8}") = "src", "src", "{76523ADE-3D2B-4EC8-BE1E-829BB634CF74}"
EndProject
Project("{FAE04EC0-301F-11D3-BF4B-00C04F79EFBC}") = "Voting.Domain", "src\Voting.Domain\Voting.Domain.csproj", "{0FAC4D9C-B6A8-4DB4-ACF1-4818F0B66E44}"
EndProject
Project("{2150E333-8FDC-42A3-9474-1A3956D46DE8}") = "test", "test", "{CEC164EE-5A71-4A8D-8FA5-B8ABA4B62B86}"
EndProject
Project("{FAE04EC0-301F-11D3-BF4B-00C04F79EFBC}") = "Voting.Domain.Tests", "test\Voting.Domain.Tests\Voting.Domain.Tests.csproj", "{AB97E10F-53BC-453D-884B-3AF48AA149A8}"
EndProject
Project("{FAE04EC0-301F-11D3-BF4B-00C04F79EFBC}") = "Voting.Api", "src\Voting.Api\Voting.Api.csproj", "{50CB48A9-15E1-4452-BCF0-25805CFA2704}"
EndProject
Global
	GlobalSection(SolutionConfigurationPlatforms) = preSolution
		Debug|Any CPU = Debug|Any CPU
		Debug|x64 = Debug|x64
		Debug|x86 = Debug|x86
		Release|Any CPU = Release|Any CPU
		Release|x64 = Release|x64
		Release|x86 = Release|x86
	EndGlobalSection
	GlobalSection(SolutionProperties) = preSolution
		HideSolutionNode = FALSE
	EndGlobalSection
	GlobalSection(ProjectConfigurationPlatforms) = postSolution
		{0FAC4D9C-B6A8-4DB4-ACF1-4818F0B66E44}.Debug|Any CPU.ActiveCfg = Debug|Any CPU
		{0FAC4D9C-B6A8-4DB4-ACF1-4818F0B66E44}.Debug|Any CPU.Build.0 = Debug|Any CPU
		{0FAC4D9C-B6A8-4DB4-ACF1-4818F0B66E44}.Debug|x64.ActiveCfg = Debug|x64
		{0FAC4D9C-B6A8-4DB4-ACF1-4818F0B66E44}.Debug|x64.Build.0 = Debug|x64
		{0FAC4D9C-B6A8-4DB4-ACF1-4818F0B66E44}.Debug|x86.ActiveCfg = Debug|x86
		{0FAC4D9C-B6A8-4DB4-ACF1-4818F0B66E44}.Debug|x86.Build.0 = Debug|x86
		{0FAC4D9C-B6A8-4DB4-ACF1-4818F0B66E44}.Release|Any CPU.ActiveCfg = Release|Any CPU
		{0FAC4D9C-B6A8-4DB4-ACF1-4818F0B66E44}.Release|Any CPU.Build.0 = Release|Any CPU
		{0FAC4D9C-B6A8-4DB4-ACF1-4818F0B66E44}.Release|x64.ActiveCfg = Release|x64
		{0FAC4D9C-B6A8-4DB4-ACF1-4818F0B66E44}.Release|x64.Build.0 = Release|x64
		{0FAC4D9C-B6A8-4DB4-ACF1-4818F0B66E44}.Release|x86.ActiveCfg = Release|x86
		{0FAC4D9C-B6A8-4DB4-ACF1-4818F0B66E44}.Release|x86.Build.0 = Release|x86
		{AB97E10F-53BC-453D-884B-3AF48AA149A8}.Debug|Any CPU.ActiveCfg = Debug|Any CPU
		{AB97E10F-53BC-453D-884B-3AF48AA149A8}.Debug|Any CPU.Build.0 = Debug|Any CPU
		{AB97E10F-53BC-453D-884B-3AF48AA149A8}.Debug|x64.ActiveCfg = Debug|x64
		{AB97E10F-53BC-453D-884B-3AF48AA149A8}.Debug|x64.Build.0 = Debug|x64
		{AB97E10F-53BC-453D-884B-3AF48AA149A8}.Debug|x86.ActiveCfg = Debug|x86
		{AB97E10F-53BC-453D-884B-3AF48AA149A8}.Debug|x86.Build.0 = Debug|x86
		{AB97E10F-53BC-453D-884B-3AF48AA149A8}.Release|Any CPU.ActiveCfg = Release|Any CPU
		{AB97E10F-53BC-453D-884B-3AF48AA149A8}.Release|Any CPU.Build.0 = Release|Any CPU
		{AB97E10F-53BC-453D-884B-3AF48AA149A8}.Release|x64.ActiveCfg = Release|x64
		{AB97E10F-53BC-453D-884B-3AF48AA149A8}.Release|x64.Build.0 = Release|x64
		{AB97E10F-53BC-453D-884B-3AF48AA149A8}.Release|x86.ActiveCfg = Release|x86
		{AB97E10F-53BC-453D-884B-3AF48AA149A8}.Release|x86.Build.0 = Release|x86
		{50CB48A9-15E1-4452-BCF0-25805CFA2704}.Debug|Any CPU.ActiveCfg = Debug|Any CPU
		{50CB48A9-15E1-4452-BCF0-25805CFA2704}.Debug|Any CPU.Build.0 = Debug|Any CPU
		{50CB48A9-15E1-4452-BCF0-25805CFA2704}.Debug|x64.ActiveCfg = Debug|x64
		{50CB48A9-15E1-4452-BCF0-25805CFA2704}.Debug|x64.Build.0 = Debug|x64
		{50CB48A9-15E1-4452-BCF0-25805CFA2704}.Debug|x86.ActiveCfg = Debug|x86
		{50CB48A9-15E1-4452-BCF0-25805CFA2704}.Debug|x86.Build.0 = Debug|x86
		{50CB48A9-15E1-4452-BCF0-25805CFA2704}.Release|Any CPU.ActiveCfg = Release|Any CPU
		{50CB48A9-15E1-4452-BCF0-25805CFA2704}.Release|Any CPU.Build.0 = Release|Any CPU
		{50CB48A9-15E1-4452-BCF0-25805CFA2704}.Release|x64.ActiveCfg = Release|x64
		{50CB48A9-15E1-4452-BCF0-25805CFA2704}.Release|x64.Build.0 = Release|x64
		{50CB48A9-15E1-4452-BCF0-25805CFA2704}.Release|x86.ActiveCfg = Release|x86
		{50CB48A9-15E1-4452-BCF0-25805CFA2704}.Release|x86.Build.0 = Release|x86
	EndGlobalSection
	GlobalSection(NestedProjects) = preSolution
		{0FAC4D9C-B6A8-4DB4-ACF1-4818F0B66E44} = {76523ADE-3D2B-4EC8-BE1E-829BB634CF74}
		{AB97E10F-53BC-453D-884B-3AF48AA149A8} = {CEC164EE-5A71-4A8D-8FA5-B8ABA4B62B86}
		{50CB48A9-15E1-4452-BCF0-25805CFA2704} = {76523ADE-3D2B-4EC8-BE1E-829BB634CF74}
	EndGlobalSection
EndGlobal
